// !$*UTF8*$!
{
	archiveVersion = 1;
	classes = {
	};
	objectVersion = 46;
	objects = {

/* Begin PBXBuildFile section */
		3638974218F5D9AE003611A9 /* FoodList.m in Sources */ = {isa = PBXBuildFile; fileRef = 3638974118F5D9AE003611A9 /* FoodList.m */; };
		DC1318DF18F46513005FA79F /* libzbar.a in Frameworks */ = {isa = PBXBuildFile; fileRef = DC1318DE18F46513005FA79F /* libzbar.a */; };
		DC3C42A518EA42000067458C /* Foundation.framework in Frameworks */ = {isa = PBXBuildFile; fileRef = DC3C42A418EA42000067458C /* Foundation.framework */; };
		DC3C42A718EA42000067458C /* CoreGraphics.framework in Frameworks */ = {isa = PBXBuildFile; fileRef = DC3C42A618EA42000067458C /* CoreGraphics.framework */; };
		DC3C42A918EA42000067458C /* UIKit.framework in Frameworks */ = {isa = PBXBuildFile; fileRef = DC3C42A818EA42000067458C /* UIKit.framework */; };
		DC3C42AF18EA42000067458C /* InfoPlist.strings in Resources */ = {isa = PBXBuildFile; fileRef = DC3C42AD18EA42000067458C /* InfoPlist.strings */; };
		DC3C42B118EA42000067458C /* main.m in Sources */ = {isa = PBXBuildFile; fileRef = DC3C42B018EA42000067458C /* main.m */; };
		DC3C42B518EA42000067458C /* AppDelegate.m in Sources */ = {isa = PBXBuildFile; fileRef = DC3C42B418EA42000067458C /* AppDelegate.m */; };
		DC3C42B818EA42000067458C /* Main_iPhone.storyboard in Resources */ = {isa = PBXBuildFile; fileRef = DC3C42B618EA42000067458C /* Main_iPhone.storyboard */; };
		DC3C42BB18EA42000067458C /* Main_iPad.storyboard in Resources */ = {isa = PBXBuildFile; fileRef = DC3C42B918EA42000067458C /* Main_iPad.storyboard */; };
		DC3C42C018EA42000067458C /* Images.xcassets in Resources */ = {isa = PBXBuildFile; fileRef = DC3C42BF18EA42000067458C /* Images.xcassets */; };
		DC3C42C718EA42000067458C /* XCTest.framework in Frameworks */ = {isa = PBXBuildFile; fileRef = DC3C42C618EA42000067458C /* XCTest.framework */; };
		DC3C42C818EA42000067458C /* Foundation.framework in Frameworks */ = {isa = PBXBuildFile; fileRef = DC3C42A418EA42000067458C /* Foundation.framework */; };
		DC3C42C918EA42000067458C /* UIKit.framework in Frameworks */ = {isa = PBXBuildFile; fileRef = DC3C42A818EA42000067458C /* UIKit.framework */; };
		DC3C42D118EA42000067458C /* InfoPlist.strings in Resources */ = {isa = PBXBuildFile; fileRef = DC3C42CF18EA42000067458C /* InfoPlist.strings */; };
		DC3C42D318EA42000067458C /* SnackTrackTests.m in Sources */ = {isa = PBXBuildFile; fileRef = DC3C42D218EA42000067458C /* SnackTrackTests.m */; };
		DC6D153B18F5DF7000058524 /* ListViewController.m in Sources */ = {isa = PBXBuildFile; fileRef = DC6D153A18F5DF7000058524 /* ListViewController.m */; };
		DC79C07818F5BC0E00FDE351 /* UPCParser.m in Sources */ = {isa = PBXBuildFile; fileRef = DC79C07618F5BC0E00FDE351 /* UPCParser.m */; };
		DC79C07B18F5BDC200FDE351 /* FoodItem.m in Sources */ = {isa = PBXBuildFile; fileRef = DC79C07A18F5BDC200FDE351 /* FoodItem.m */; };
		DCE4F38618EDE9DA00A8D865 /* zbar-back.png in Resources */ = {isa = PBXBuildFile; fileRef = DCE4F38118EDE9DA00A8D865 /* zbar-back.png */; };
		DCE4F38718EDE9DA00A8D865 /* zbar-help.html in Resources */ = {isa = PBXBuildFile; fileRef = DCE4F38218EDE9DA00A8D865 /* zbar-help.html */; };
		DCE4F38818EDE9DA00A8D865 /* zbar-helpicons.png in Resources */ = {isa = PBXBuildFile; fileRef = DCE4F38318EDE9DA00A8D865 /* zbar-helpicons.png */; };
		DCE4F38918EDE9DA00A8D865 /* zbar-samples.png in Resources */ = {isa = PBXBuildFile; fileRef = DCE4F38418EDE9DA00A8D865 /* zbar-samples.png */; };
		DCE4F38B18EDEA9100A8D865 /* AVFoundation.framework in Frameworks */ = {isa = PBXBuildFile; fileRef = DCE4F38A18EDEA9100A8D865 /* AVFoundation.framework */; };
		DCE4F38D18EDEA9A00A8D865 /* CoreMedia.framework in Frameworks */ = {isa = PBXBuildFile; fileRef = DCE4F38C18EDEA9A00A8D865 /* CoreMedia.framework */; };
		DCE4F38F18EDEA9F00A8D865 /* CoreVideo.framework in Frameworks */ = {isa = PBXBuildFile; fileRef = DCE4F38E18EDEA9F00A8D865 /* CoreVideo.framework */; };
		DCE4F39118EDEAA800A8D865 /* QuartzCore.framework in Frameworks */ = {isa = PBXBuildFile; fileRef = DCE4F39018EDEAA800A8D865 /* QuartzCore.framework */; };
		DCE4F39318EDEAB200A8D865 /* libiconv.dylib in Frameworks */ = {isa = PBXBuildFile; fileRef = DCE4F39218EDEAB200A8D865 /* libiconv.dylib */; };
		F339A9C218F70C4800728503 /* FormViewController.m in Sources */ = {isa = PBXBuildFile; fileRef = F339A9C118F70C4800728503 /* FormViewController.m */; };
		F3AC60C51900093200862B7F /* DetailViewController.m in Sources */ = {isa = PBXBuildFile; fileRef = F3AC60C41900093200862B7F /* DetailViewController.m */; };
		FD6A369A18F1F507006858AF /* icon2.0.PNG in Resources */ = {isa = PBXBuildFile; fileRef = FD6A369918F1F507006858AF /* icon2.0.PNG */; };
		FD6F3CBD18F6F0630017D64C /* icon2.0 copy.png in Resources */ = {isa = PBXBuildFile; fileRef = FD6F3CBC18F6F0630017D64C /* icon2.0 copy.png */; };
/* End PBXBuildFile section */

/* Begin PBXContainerItemProxy section */
		DC3C42CA18EA42000067458C /* PBXContainerItemProxy */ = {
			isa = PBXContainerItemProxy;
			containerPortal = DC3C429918EA42000067458C /* Project object */;
			proxyType = 1;
			remoteGlobalIDString = DC3C42A018EA42000067458C;
			remoteInfo = SnackTrack;
		};
/* End PBXContainerItemProxy section */

/* Begin PBXFileReference section */
		3638974018F5D9AE003611A9 /* FoodList.h */ = {isa = PBXFileReference; fileEncoding = 4; lastKnownFileType = sourcecode.c.h; path = FoodList.h; sourceTree = "<group>"; };
		3638974118F5D9AE003611A9 /* FoodList.m */ = {isa = PBXFileReference; fileEncoding = 4; lastKnownFileType = sourcecode.c.objc; path = FoodList.m; sourceTree = "<group>"; };
		DC1318DE18F46513005FA79F /* libzbar.a */ = {isa = PBXFileReference; lastKnownFileType = archive.ar; path = libzbar.a; sourceTree = "<group>"; };
		DC3C42A118EA42000067458C /* SnackTrack.app */ = {isa = PBXFileReference; explicitFileType = wrapper.application; includeInIndex = 0; path = SnackTrack.app; sourceTree = BUILT_PRODUCTS_DIR; };
		DC3C42A418EA42000067458C /* Foundation.framework */ = {isa = PBXFileReference; lastKnownFileType = wrapper.framework; name = Foundation.framework; path = System/Library/Frameworks/Foundation.framework; sourceTree = SDKROOT; };
		DC3C42A618EA42000067458C /* CoreGraphics.framework */ = {isa = PBXFileReference; lastKnownFileType = wrapper.framework; name = CoreGraphics.framework; path = System/Library/Frameworks/CoreGraphics.framework; sourceTree = SDKROOT; };
		DC3C42A818EA42000067458C /* UIKit.framework */ = {isa = PBXFileReference; lastKnownFileType = wrapper.framework; name = UIKit.framework; path = System/Library/Frameworks/UIKit.framework; sourceTree = SDKROOT; };
		DC3C42AC18EA42000067458C /* SnackTrack-Info.plist */ = {isa = PBXFileReference; lastKnownFileType = text.plist.xml; path = "SnackTrack-Info.plist"; sourceTree = "<group>"; };
		DC3C42AE18EA42000067458C /* en */ = {isa = PBXFileReference; lastKnownFileType = text.plist.strings; name = en; path = en.lproj/InfoPlist.strings; sourceTree = "<group>"; };
		DC3C42B018EA42000067458C /* main.m */ = {isa = PBXFileReference; lastKnownFileType = sourcecode.c.objc; path = main.m; sourceTree = "<group>"; };
		DC3C42B218EA42000067458C /* SnackTrack-Prefix.pch */ = {isa = PBXFileReference; lastKnownFileType = sourcecode.c.h; path = "SnackTrack-Prefix.pch"; sourceTree = "<group>"; };
		DC3C42B318EA42000067458C /* AppDelegate.h */ = {isa = PBXFileReference; lastKnownFileType = sourcecode.c.h; path = AppDelegate.h; sourceTree = "<group>"; };
		DC3C42B418EA42000067458C /* AppDelegate.m */ = {isa = PBXFileReference; lastKnownFileType = sourcecode.c.objc; path = AppDelegate.m; sourceTree = "<group>"; };
		DC3C42B718EA42000067458C /* Base */ = {isa = PBXFileReference; lastKnownFileType = file.storyboard; name = Base; path = Base.lproj/Main_iPhone.storyboard; sourceTree = "<group>"; };
		DC3C42BA18EA42000067458C /* Base */ = {isa = PBXFileReference; lastKnownFileType = file.storyboard; name = Base; path = Base.lproj/Main_iPad.storyboard; sourceTree = "<group>"; };
		DC3C42BF18EA42000067458C /* Images.xcassets */ = {isa = PBXFileReference; lastKnownFileType = folder.assetcatalog; path = Images.xcassets; sourceTree = "<group>"; };
		DC3C42C518EA42000067458C /* SnackTrackTests.xctest */ = {isa = PBXFileReference; explicitFileType = wrapper.cfbundle; includeInIndex = 0; path = SnackTrackTests.xctest; sourceTree = BUILT_PRODUCTS_DIR; };
		DC3C42C618EA42000067458C /* XCTest.framework */ = {isa = PBXFileReference; lastKnownFileType = wrapper.framework; name = XCTest.framework; path = Library/Frameworks/XCTest.framework; sourceTree = DEVELOPER_DIR; };
		DC3C42CE18EA42000067458C /* SnackTrackTests-Info.plist */ = {isa = PBXFileReference; lastKnownFileType = text.plist.xml; path = "SnackTrackTests-Info.plist"; sourceTree = "<group>"; };
		DC3C42D018EA42000067458C /* en */ = {isa = PBXFileReference; lastKnownFileType = text.plist.strings; name = en; path = en.lproj/InfoPlist.strings; sourceTree = "<group>"; };
		DC3C42D218EA42000067458C /* SnackTrackTests.m */ = {isa = PBXFileReference; lastKnownFileType = sourcecode.c.objc; path = SnackTrackTests.m; sourceTree = "<group>"; };
		DC6D153918F5DF7000058524 /* ListViewController.h */ = {isa = PBXFileReference; fileEncoding = 4; lastKnownFileType = sourcecode.c.h; path = ListViewController.h; sourceTree = "<group>"; };
		DC6D153A18F5DF7000058524 /* ListViewController.m */ = {isa = PBXFileReference; fileEncoding = 4; lastKnownFileType = sourcecode.c.objc; path = ListViewController.m; sourceTree = "<group>"; };
		DC79C07518F5BC0E00FDE351 /* UPCParser.h */ = {isa = PBXFileReference; fileEncoding = 4; lastKnownFileType = sourcecode.c.h; path = UPCParser.h; sourceTree = "<group>"; };
		DC79C07618F5BC0E00FDE351 /* UPCParser.m */ = {isa = PBXFileReference; fileEncoding = 4; lastKnownFileType = sourcecode.c.objc; path = UPCParser.m; sourceTree = "<group>"; };
		DC79C07918F5BDC200FDE351 /* FoodItem.h */ = {isa = PBXFileReference; fileEncoding = 4; lastKnownFileType = sourcecode.c.h; path = FoodItem.h; sourceTree = "<group>"; };
		DC79C07A18F5BDC200FDE351 /* FoodItem.m */ = {isa = PBXFileReference; fileEncoding = 4; lastKnownFileType = sourcecode.c.objc; path = FoodItem.m; sourceTree = "<group>"; };
		DCE4F36B18EDE9DA00A8D865 /* Decoder.h */ = {isa = PBXFileReference; fileEncoding = 4; lastKnownFileType = sourcecode.c.h; path = Decoder.h; sourceTree = "<group>"; };
		DCE4F36C18EDE9DA00A8D865 /* Exception.h */ = {isa = PBXFileReference; fileEncoding = 4; lastKnownFileType = sourcecode.c.h; path = Exception.h; sourceTree = "<group>"; };
		DCE4F36D18EDE9DA00A8D865 /* Image.h */ = {isa = PBXFileReference; fileEncoding = 4; lastKnownFileType = sourcecode.c.h; path = Image.h; sourceTree = "<group>"; };
		DCE4F36E18EDE9DA00A8D865 /* ImageScanner.h */ = {isa = PBXFileReference; fileEncoding = 4; lastKnownFileType = sourcecode.c.h; path = ImageScanner.h; sourceTree = "<group>"; };
		DCE4F36F18EDE9DA00A8D865 /* Processor.h */ = {isa = PBXFileReference; fileEncoding = 4; lastKnownFileType = sourcecode.c.h; path = Processor.h; sourceTree = "<group>"; };
		DCE4F37018EDE9DA00A8D865 /* Scanner.h */ = {isa = PBXFileReference; fileEncoding = 4; lastKnownFileType = sourcecode.c.h; path = Scanner.h; sourceTree = "<group>"; };
		DCE4F37118EDE9DA00A8D865 /* Symbol.h */ = {isa = PBXFileReference; fileEncoding = 4; lastKnownFileType = sourcecode.c.h; path = Symbol.h; sourceTree = "<group>"; };
		DCE4F37218EDE9DA00A8D865 /* Video.h */ = {isa = PBXFileReference; fileEncoding = 4; lastKnownFileType = sourcecode.c.h; path = Video.h; sourceTree = "<group>"; };
		DCE4F37318EDE9DA00A8D865 /* Window.h */ = {isa = PBXFileReference; fileEncoding = 4; lastKnownFileType = sourcecode.c.h; path = Window.h; sourceTree = "<group>"; };
		DCE4F37418EDE9DA00A8D865 /* zbar.h */ = {isa = PBXFileReference; fileEncoding = 4; lastKnownFileType = sourcecode.c.h; path = zbar.h; sourceTree = "<group>"; };
		DCE4F37518EDE9DA00A8D865 /* ZBarCameraSimulator.h */ = {isa = PBXFileReference; fileEncoding = 4; lastKnownFileType = sourcecode.c.h; path = ZBarCameraSimulator.h; sourceTree = "<group>"; };
		DCE4F37618EDE9DA00A8D865 /* ZBarCaptureReader.h */ = {isa = PBXFileReference; fileEncoding = 4; lastKnownFileType = sourcecode.c.h; path = ZBarCaptureReader.h; sourceTree = "<group>"; };
		DCE4F37718EDE9DA00A8D865 /* ZBarHelpController.h */ = {isa = PBXFileReference; fileEncoding = 4; lastKnownFileType = sourcecode.c.h; path = ZBarHelpController.h; sourceTree = "<group>"; };
		DCE4F37818EDE9DA00A8D865 /* ZBarImage.h */ = {isa = PBXFileReference; fileEncoding = 4; lastKnownFileType = sourcecode.c.h; path = ZBarImage.h; sourceTree = "<group>"; };
		DCE4F37918EDE9DA00A8D865 /* ZBarImageScanner.h */ = {isa = PBXFileReference; fileEncoding = 4; lastKnownFileType = sourcecode.c.h; path = ZBarImageScanner.h; sourceTree = "<group>"; };
		DCE4F37A18EDE9DA00A8D865 /* ZBarReaderController.h */ = {isa = PBXFileReference; fileEncoding = 4; lastKnownFileType = sourcecode.c.h; path = ZBarReaderController.h; sourceTree = "<group>"; };
		DCE4F37B18EDE9DA00A8D865 /* ZBarReaderView.h */ = {isa = PBXFileReference; fileEncoding = 4; lastKnownFileType = sourcecode.c.h; path = ZBarReaderView.h; sourceTree = "<group>"; };
		DCE4F37C18EDE9DA00A8D865 /* ZBarReaderViewController.h */ = {isa = PBXFileReference; fileEncoding = 4; lastKnownFileType = sourcecode.c.h; path = ZBarReaderViewController.h; sourceTree = "<group>"; };
		DCE4F37D18EDE9DA00A8D865 /* ZBarSDK.h */ = {isa = PBXFileReference; fileEncoding = 4; lastKnownFileType = sourcecode.c.h; path = ZBarSDK.h; sourceTree = "<group>"; };
		DCE4F37E18EDE9DA00A8D865 /* ZBarSymbol.h */ = {isa = PBXFileReference; fileEncoding = 4; lastKnownFileType = sourcecode.c.h; path = ZBarSymbol.h; sourceTree = "<group>"; };
		DCE4F38118EDE9DA00A8D865 /* zbar-back.png */ = {isa = PBXFileReference; lastKnownFileType = image.png; path = "zbar-back.png"; sourceTree = "<group>"; };
		DCE4F38218EDE9DA00A8D865 /* zbar-help.html */ = {isa = PBXFileReference; fileEncoding = 4; lastKnownFileType = text.html; path = "zbar-help.html"; sourceTree = "<group>"; };
		DCE4F38318EDE9DA00A8D865 /* zbar-helpicons.png */ = {isa = PBXFileReference; lastKnownFileType = image.png; path = "zbar-helpicons.png"; sourceTree = "<group>"; };
		DCE4F38418EDE9DA00A8D865 /* zbar-samples.png */ = {isa = PBXFileReference; lastKnownFileType = image.png; path = "zbar-samples.png"; sourceTree = "<group>"; };
		DCE4F38A18EDEA9100A8D865 /* AVFoundation.framework */ = {isa = PBXFileReference; lastKnownFileType = wrapper.framework; name = AVFoundation.framework; path = System/Library/Frameworks/AVFoundation.framework; sourceTree = SDKROOT; };
		DCE4F38C18EDEA9A00A8D865 /* CoreMedia.framework */ = {isa = PBXFileReference; lastKnownFileType = wrapper.framework; name = CoreMedia.framework; path = System/Library/Frameworks/CoreMedia.framework; sourceTree = SDKROOT; };
		DCE4F38E18EDEA9F00A8D865 /* CoreVideo.framework */ = {isa = PBXFileReference; lastKnownFileType = wrapper.framework; name = CoreVideo.framework; path = System/Library/Frameworks/CoreVideo.framework; sourceTree = SDKROOT; };
		DCE4F39018EDEAA800A8D865 /* QuartzCore.framework */ = {isa = PBXFileReference; lastKnownFileType = wrapper.framework; name = QuartzCore.framework; path = System/Library/Frameworks/QuartzCore.framework; sourceTree = SDKROOT; };
		DCE4F39218EDEAB200A8D865 /* libiconv.dylib */ = {isa = PBXFileReference; lastKnownFileType = "compiled.mach-o.dylib"; name = libiconv.dylib; path = usr/lib/libiconv.dylib; sourceTree = SDKROOT; };
		F339A9C018F70C4800728503 /* FormViewController.h */ = {isa = PBXFileReference; fileEncoding = 4; lastKnownFileType = sourcecode.c.h; path = FormViewController.h; sourceTree = "<group>"; };
		F339A9C118F70C4800728503 /* FormViewController.m */ = {isa = PBXFileReference; fileEncoding = 4; lastKnownFileType = sourcecode.c.objc; path = FormViewController.m; sourceTree = "<group>"; };
		F3AC60C31900093200862B7F /* DetailViewController.h */ = {isa = PBXFileReference; fileEncoding = 4; lastKnownFileType = sourcecode.c.h; path = DetailViewController.h; sourceTree = "<group>"; };
		F3AC60C41900093200862B7F /* DetailViewController.m */ = {isa = PBXFileReference; fileEncoding = 4; lastKnownFileType = sourcecode.c.objc; path = DetailViewController.m; sourceTree = "<group>"; };
		FD6A369918F1F507006858AF /* icon2.0.PNG */ = {isa = PBXFileReference; lastKnownFileType = image.png; path = icon2.0.PNG; sourceTree = "<group>"; };
		FD6F3CBC18F6F0630017D64C /* icon2.0 copy.png */ = {isa = PBXFileReference; lastKnownFileType = image.png; path = "icon2.0 copy.png"; sourceTree = "<group>"; };
/* End PBXFileReference section */

/* Begin PBXFrameworksBuildPhase section */
		DC3C429E18EA42000067458C /* Frameworks */ = {
			isa = PBXFrameworksBuildPhase;
			buildActionMask = 2147483647;
			files = (
				DCE4F39318EDEAB200A8D865 /* libiconv.dylib in Frameworks */,
				DCE4F39118EDEAA800A8D865 /* QuartzCore.framework in Frameworks */,
				DC1318DF18F46513005FA79F /* libzbar.a in Frameworks */,
				DCE4F38F18EDEA9F00A8D865 /* CoreVideo.framework in Frameworks */,
				DCE4F38D18EDEA9A00A8D865 /* CoreMedia.framework in Frameworks */,
				DCE4F38B18EDEA9100A8D865 /* AVFoundation.framework in Frameworks */,
				DC3C42A718EA42000067458C /* CoreGraphics.framework in Frameworks */,
				DC3C42A918EA42000067458C /* UIKit.framework in Frameworks */,
				DC3C42A518EA42000067458C /* Foundation.framework in Frameworks */,
			);
			runOnlyForDeploymentPostprocessing = 0;
		};
		DC3C42C218EA42000067458C /* Frameworks */ = {
			isa = PBXFrameworksBuildPhase;
			buildActionMask = 2147483647;
			files = (
				DC3C42C718EA42000067458C /* XCTest.framework in Frameworks */,
				DC3C42C918EA42000067458C /* UIKit.framework in Frameworks */,
				DC3C42C818EA42000067458C /* Foundation.framework in Frameworks */,
			);
			runOnlyForDeploymentPostprocessing = 0;
		};
/* End PBXFrameworksBuildPhase section */

/* Begin PBXGroup section */
		DC3C429818EA42000067458C = {
			isa = PBXGroup;
			children = (
				DC3C42AA18EA42000067458C /* SnackTrack */,
				DC3C42CC18EA42000067458C /* SnackTrackTests */,
				DC3C42A318EA42000067458C /* Frameworks */,
				DC3C42A218EA42000067458C /* Products */,
			);
			sourceTree = "<group>";
		};
		DC3C42A218EA42000067458C /* Products */ = {
			isa = PBXGroup;
			children = (
				DC3C42A118EA42000067458C /* SnackTrack.app */,
				DC3C42C518EA42000067458C /* SnackTrackTests.xctest */,
			);
			name = Products;
			sourceTree = "<group>";
		};
		DC3C42A318EA42000067458C /* Frameworks */ = {
			isa = PBXGroup;
			children = (
				DCE4F39218EDEAB200A8D865 /* libiconv.dylib */,
				DCE4F39018EDEAA800A8D865 /* QuartzCore.framework */,
				DCE4F38E18EDEA9F00A8D865 /* CoreVideo.framework */,
				DCE4F38C18EDEA9A00A8D865 /* CoreMedia.framework */,
				DCE4F38A18EDEA9100A8D865 /* AVFoundation.framework */,
				DC3C42A418EA42000067458C /* Foundation.framework */,
				DC3C42A618EA42000067458C /* CoreGraphics.framework */,
				DC3C42A818EA42000067458C /* UIKit.framework */,
				DC3C42C618EA42000067458C /* XCTest.framework */,
			);
			name = Frameworks;
			sourceTree = "<group>";
		};
		DC3C42AA18EA42000067458C /* SnackTrack */ = {
			isa = PBXGroup;
			children = (
				DCE4F36718EDE9DA00A8D865 /* ZBarSDK */,
				DC3C42B318EA42000067458C /* AppDelegate.h */,
				DC3C42B418EA42000067458C /* AppDelegate.m */,
				DC3C42B618EA42000067458C /* Main_iPhone.storyboard */,
				DC3C42B918EA42000067458C /* Main_iPad.storyboard */,
				DC79C07518F5BC0E00FDE351 /* UPCParser.h */,
				DC79C07618F5BC0E00FDE351 /* UPCParser.m */,
				DC79C07918F5BDC200FDE351 /* FoodItem.h */,
				DC79C07A18F5BDC200FDE351 /* FoodItem.m */,
				3638974018F5D9AE003611A9 /* FoodList.h */,
				3638974118F5D9AE003611A9 /* FoodList.m */,
				DC6D153918F5DF7000058524 /* ListViewController.h */,
				DC6D153A18F5DF7000058524 /* ListViewController.m */,
				F339A9C018F70C4800728503 /* FormViewController.h */,
				F339A9C118F70C4800728503 /* FormViewController.m */,
				F3AC60C31900093200862B7F /* DetailViewController.h */,
				F3AC60C41900093200862B7F /* DetailViewController.m */,
				DC3C42BF18EA42000067458C /* Images.xcassets */,
				FD6A369918F1F507006858AF /* icon2.0.PNG */,
				FD6F3CBC18F6F0630017D64C /* icon2.0 copy.png */,
				DC3C42AB18EA42000067458C /* Supporting Files */,
			);
			path = SnackTrack;
			sourceTree = "<group>";
		};
		DC3C42AB18EA42000067458C /* Supporting Files */ = {
			isa = PBXGroup;
			children = (
				DC3C42AC18EA42000067458C /* SnackTrack-Info.plist */,
				DC3C42AD18EA42000067458C /* InfoPlist.strings */,
				DC3C42B018EA42000067458C /* main.m */,
				DC3C42B218EA42000067458C /* SnackTrack-Prefix.pch */,
			);
			name = "Supporting Files";
			sourceTree = "<group>";
		};
		DC3C42CC18EA42000067458C /* SnackTrackTests */ = {
			isa = PBXGroup;
			children = (
				DC3C42D218EA42000067458C /* SnackTrackTests.m */,
				DC3C42CD18EA42000067458C /* Supporting Files */,
			);
			path = SnackTrackTests;
			sourceTree = "<group>";
		};
		DC3C42CD18EA42000067458C /* Supporting Files */ = {
			isa = PBXGroup;
			children = (
				DC3C42CE18EA42000067458C /* SnackTrackTests-Info.plist */,
				DC3C42CF18EA42000067458C /* InfoPlist.strings */,
			);
			name = "Supporting Files";
			sourceTree = "<group>";
		};
		DCE4F36718EDE9DA00A8D865 /* ZBarSDK */ = {
			isa = PBXGroup;
			children = (
				DCE4F36818EDE9DA00A8D865 /* Headers */,
				DC1318DE18F46513005FA79F /* libzbar.a */,
				DCE4F38018EDE9DA00A8D865 /* Resources */,
			);
			path = ZBarSDK;
			sourceTree = "<group>";
		};
		DCE4F36818EDE9DA00A8D865 /* Headers */ = {
			isa = PBXGroup;
			children = (
				DCE4F36918EDE9DA00A8D865 /* ZBarSDK */,
			);
			path = Headers;
			sourceTree = "<group>";
		};
		DCE4F36918EDE9DA00A8D865 /* ZBarSDK */ = {
			isa = PBXGroup;
			children = (
				DCE4F36A18EDE9DA00A8D865 /* zbar */,
				DCE4F37418EDE9DA00A8D865 /* zbar.h */,
				DCE4F37518EDE9DA00A8D865 /* ZBarCameraSimulator.h */,
				DCE4F37618EDE9DA00A8D865 /* ZBarCaptureReader.h */,
				DCE4F37718EDE9DA00A8D865 /* ZBarHelpController.h */,
				DCE4F37818EDE9DA00A8D865 /* ZBarImage.h */,
				DCE4F37918EDE9DA00A8D865 /* ZBarImageScanner.h */,
				DCE4F37A18EDE9DA00A8D865 /* ZBarReaderController.h */,
				DCE4F37B18EDE9DA00A8D865 /* ZBarReaderView.h */,
				DCE4F37C18EDE9DA00A8D865 /* ZBarReaderViewController.h */,
				DCE4F37D18EDE9DA00A8D865 /* ZBarSDK.h */,
				DCE4F37E18EDE9DA00A8D865 /* ZBarSymbol.h */,
			);
			path = ZBarSDK;
			sourceTree = "<group>";
		};
		DCE4F36A18EDE9DA00A8D865 /* zbar */ = {
			isa = PBXGroup;
			children = (
				DCE4F36B18EDE9DA00A8D865 /* Decoder.h */,
				DCE4F36C18EDE9DA00A8D865 /* Exception.h */,
				DCE4F36D18EDE9DA00A8D865 /* Image.h */,
				DCE4F36E18EDE9DA00A8D865 /* ImageScanner.h */,
				DCE4F36F18EDE9DA00A8D865 /* Processor.h */,
				DCE4F37018EDE9DA00A8D865 /* Scanner.h */,
				DCE4F37118EDE9DA00A8D865 /* Symbol.h */,
				DCE4F37218EDE9DA00A8D865 /* Video.h */,
				DCE4F37318EDE9DA00A8D865 /* Window.h */,
			);
			path = zbar;
			sourceTree = "<group>";
		};
		DCE4F38018EDE9DA00A8D865 /* Resources */ = {
			isa = PBXGroup;
			children = (
				DCE4F38118EDE9DA00A8D865 /* zbar-back.png */,
				DCE4F38218EDE9DA00A8D865 /* zbar-help.html */,
				DCE4F38318EDE9DA00A8D865 /* zbar-helpicons.png */,
				DCE4F38418EDE9DA00A8D865 /* zbar-samples.png */,
			);
			path = Resources;
			sourceTree = "<group>";
		};
/* End PBXGroup section */

/* Begin PBXNativeTarget section */
		DC3C42A018EA42000067458C /* SnackTrack */ = {
			isa = PBXNativeTarget;
			buildConfigurationList = DC3C42D618EA42010067458C /* Build configuration list for PBXNativeTarget "SnackTrack" */;
			buildPhases = (
				DC3C429D18EA42000067458C /* Sources */,
				DC3C429E18EA42000067458C /* Frameworks */,
				DC3C429F18EA42000067458C /* Resources */,
			);
			buildRules = (
			);
			dependencies = (
			);
			name = SnackTrack;
			productName = SnackTrack;
			productReference = DC3C42A118EA42000067458C /* SnackTrack.app */;
			productType = "com.apple.product-type.application";
		};
		DC3C42C418EA42000067458C /* SnackTrackTests */ = {
			isa = PBXNativeTarget;
			buildConfigurationList = DC3C42D918EA42010067458C /* Build configuration list for PBXNativeTarget "SnackTrackTests" */;
			buildPhases = (
				DC3C42C118EA42000067458C /* Sources */,
				DC3C42C218EA42000067458C /* Frameworks */,
				DC3C42C318EA42000067458C /* Resources */,
			);
			buildRules = (
			);
			dependencies = (
				DC3C42CB18EA42000067458C /* PBXTargetDependency */,
			);
			name = SnackTrackTests;
			productName = SnackTrackTests;
			productReference = DC3C42C518EA42000067458C /* SnackTrackTests.xctest */;
			productType = "com.apple.product-type.bundle.unit-test";
		};
/* End PBXNativeTarget section */

/* Begin PBXProject section */
		DC3C429918EA42000067458C /* Project object */ = {
			isa = PBXProject;
			attributes = {
				LastUpgradeCheck = 0510;
				ORGANIZATIONNAME = "Brandon Gottlob";
				TargetAttributes = {
					DC3C42C418EA42000067458C = {
						TestTargetID = DC3C42A018EA42000067458C;
					};
				};
			};
			buildConfigurationList = DC3C429C18EA42000067458C /* Build configuration list for PBXProject "SnackTrack" */;
			compatibilityVersion = "Xcode 3.2";
			developmentRegion = English;
			hasScannedForEncodings = 0;
			knownRegions = (
				en,
				Base,
			);
			mainGroup = DC3C429818EA42000067458C;
			productRefGroup = DC3C42A218EA42000067458C /* Products */;
			projectDirPath = "";
			projectRoot = "";
			targets = (
				DC3C42A018EA42000067458C /* SnackTrack */,
				DC3C42C418EA42000067458C /* SnackTrackTests */,
			);
		};
/* End PBXProject section */

/* Begin PBXResourcesBuildPhase section */
		DC3C429F18EA42000067458C /* Resources */ = {
			isa = PBXResourcesBuildPhase;
			buildActionMask = 2147483647;
			files = (
				DC3C42BB18EA42000067458C /* Main_iPad.storyboard in Resources */,
				DC3C42C018EA42000067458C /* Images.xcassets in Resources */,
				DC3C42B818EA42000067458C /* Main_iPhone.storyboard in Resources */,
				DC3C42AF18EA42000067458C /* InfoPlist.strings in Resources */,
				DCE4F38918EDE9DA00A8D865 /* zbar-samples.png in Resources */,
				FD6F3CBD18F6F0630017D64C /* icon2.0 copy.png in Resources */,
				DCE4F38718EDE9DA00A8D865 /* zbar-help.html in Resources */,
				DCE4F38618EDE9DA00A8D865 /* zbar-back.png in Resources */,
				DCE4F38818EDE9DA00A8D865 /* zbar-helpicons.png in Resources */,
				FD6A369A18F1F507006858AF /* icon2.0.PNG in Resources */,
			);
			runOnlyForDeploymentPostprocessing = 0;
		};
		DC3C42C318EA42000067458C /* Resources */ = {
			isa = PBXResourcesBuildPhase;
			buildActionMask = 2147483647;
			files = (
				DC3C42D118EA42000067458C /* InfoPlist.strings in Resources */,
			);
			runOnlyForDeploymentPostprocessing = 0;
		};
/* End PBXResourcesBuildPhase section */

/* Begin PBXSourcesBuildPhase section */
		DC3C429D18EA42000067458C /* Sources */ = {
			isa = PBXSourcesBuildPhase;
			buildActionMask = 2147483647;
			files = (
				3638974218F5D9AE003611A9 /* FoodList.m in Sources */,
				DC6D153B18F5DF7000058524 /* ListViewController.m in Sources */,
				F3AC60C51900093200862B7F /* DetailViewController.m in Sources */,
				DC79C07B18F5BDC200FDE351 /* FoodItem.m in Sources */,
				DC3C42B518EA42000067458C /* AppDelegate.m in Sources */,
				DC3C42B118EA42000067458C /* main.m in Sources */,
				F339A9C218F70C4800728503 /* FormViewController.m in Sources */,
				DC79C07818F5BC0E00FDE351 /* UPCParser.m in Sources */,
			);
			runOnlyForDeploymentPostprocessing = 0;
		};
		DC3C42C118EA42000067458C /* Sources */ = {
			isa = PBXSourcesBuildPhase;
			buildActionMask = 2147483647;
			files = (
				DC3C42D318EA42000067458C /* SnackTrackTests.m in Sources */,
			);
			runOnlyForDeploymentPostprocessing = 0;
		};
/* End PBXSourcesBuildPhase section */

/* Begin PBXTargetDependency section */
		DC3C42CB18EA42000067458C /* PBXTargetDependency */ = {
			isa = PBXTargetDependency;
			target = DC3C42A018EA42000067458C /* SnackTrack */;
			targetProxy = DC3C42CA18EA42000067458C /* PBXContainerItemProxy */;
		};
/* End PBXTargetDependency section */

/* Begin PBXVariantGroup section */
		DC3C42AD18EA42000067458C /* InfoPlist.strings */ = {
			isa = PBXVariantGroup;
			children = (
				DC3C42AE18EA42000067458C /* en */,
			);
			name = InfoPlist.strings;
			sourceTree = "<group>";
		};
		DC3C42B618EA42000067458C /* Main_iPhone.storyboard */ = {
			isa = PBXVariantGroup;
			children = (
				DC3C42B718EA42000067458C /* Base */,
			);
			name = Main_iPhone.storyboard;
			sourceTree = "<group>";
		};
		DC3C42B918EA42000067458C /* Main_iPad.storyboard */ = {
			isa = PBXVariantGroup;
			children = (
				DC3C42BA18EA42000067458C /* Base */,
			);
			name = Main_iPad.storyboard;
			sourceTree = "<group>";
		};
		DC3C42CF18EA42000067458C /* InfoPlist.strings */ = {
			isa = PBXVariantGroup;
			children = (
				DC3C42D018EA42000067458C /* en */,
			);
			name = InfoPlist.strings;
			sourceTree = "<group>";
		};
/* End PBXVariantGroup section */

/* Begin XCBuildConfiguration section */
		DC3C42D418EA42010067458C /* Debug */ = {
			isa = XCBuildConfiguration;
			buildSettings = {
				ALWAYS_SEARCH_USER_PATHS = NO;
				CLANG_CXX_LANGUAGE_STANDARD = "gnu++0x";
				CLANG_CXX_LIBRARY = "libc++";
				CLANG_ENABLE_MODULES = YES;
				CLANG_ENABLE_OBJC_ARC = YES;
				CLANG_WARN_BOOL_CONVERSION = YES;
				CLANG_WARN_CONSTANT_CONVERSION = YES;
				CLANG_WARN_DIRECT_OBJC_ISA_USAGE = YES_ERROR;
				CLANG_WARN_EMPTY_BODY = YES;
				CLANG_WARN_ENUM_CONVERSION = YES;
				CLANG_WARN_INT_CONVERSION = YES;
				CLANG_WARN_OBJC_ROOT_CLASS = YES_ERROR;
				CLANG_WARN__DUPLICATE_METHOD_MATCH = YES;
				"CODE_SIGN_IDENTITY[sdk=iphoneos*]" = "iPhone Developer";
				COPY_PHASE_STRIP = NO;
				GCC_C_LANGUAGE_STANDARD = gnu99;
				GCC_DYNAMIC_NO_PIC = NO;
				GCC_OPTIMIZATION_LEVEL = 0;
				GCC_PREPROCESSOR_DEFINITIONS = (
					"DEBUG=1",
					"$(inherited)",
				);
				GCC_SYMBOLS_PRIVATE_EXTERN = NO;
				GCC_WARN_64_TO_32_BIT_CONVERSION = YES;
				GCC_WARN_ABOUT_RETURN_TYPE = YES_ERROR;
				GCC_WARN_UNDECLARED_SELECTOR = YES;
				GCC_WARN_UNINITIALIZED_AUTOS = YES_AGGRESSIVE;
				GCC_WARN_UNUSED_FUNCTION = YES;
				GCC_WARN_UNUSED_VARIABLE = YES;
				IPHONEOS_DEPLOYMENT_TARGET = 7.1;
				ONLY_ACTIVE_ARCH = YES;
				SDKROOT = iphoneos;
				TARGETED_DEVICE_FAMILY = "1,2";
			};
			name = Debug;
		};
		DC3C42D518EA42010067458C /* Release */ = {
			isa = XCBuildConfiguration;
			buildSettings = {
				ALWAYS_SEARCH_USER_PATHS = NO;
				CLANG_CXX_LANGUAGE_STANDARD = "gnu++0x";
				CLANG_CXX_LIBRARY = "libc++";
				CLANG_ENABLE_MODULES = YES;
				CLANG_ENABLE_OBJC_ARC = YES;
				CLANG_WARN_BOOL_CONVERSION = YES;
				CLANG_WARN_CONSTANT_CONVERSION = YES;
				CLANG_WARN_DIRECT_OBJC_ISA_USAGE = YES_ERROR;
				CLANG_WARN_EMPTY_BODY = YES;
				CLANG_WARN_ENUM_CONVERSION = YES;
				CLANG_WARN_INT_CONVERSION = YES;
				CLANG_WARN_OBJC_ROOT_CLASS = YES_ERROR;
				CLANG_WARN__DUPLICATE_METHOD_MATCH = YES;
				"CODE_SIGN_IDENTITY[sdk=iphoneos*]" = "iPhone Developer";
				COPY_PHASE_STRIP = YES;
				ENABLE_NS_ASSERTIONS = NO;
				GCC_C_LANGUAGE_STANDARD = gnu99;
				GCC_WARN_64_TO_32_BIT_CONVERSION = YES;
				GCC_WARN_ABOUT_RETURN_TYPE = YES_ERROR;
				GCC_WARN_UNDECLARED_SELECTOR = YES;
				GCC_WARN_UNINITIALIZED_AUTOS = YES_AGGRESSIVE;
				GCC_WARN_UNUSED_FUNCTION = YES;
				GCC_WARN_UNUSED_VARIABLE = YES;
				IPHONEOS_DEPLOYMENT_TARGET = 7.1;
				SDKROOT = iphoneos;
				TARGETED_DEVICE_FAMILY = "1,2";
				VALIDATE_PRODUCT = YES;
			};
			name = Release;
		};
		DC3C42D718EA42010067458C /* Debug */ = {
			isa = XCBuildConfiguration;
			buildSettings = {
				ASSETCATALOG_COMPILER_APPICON_NAME = AppIcon;
				ASSETCATALOG_COMPILER_LAUNCHIMAGE_NAME = LaunchImage;
				GCC_PRECOMPILE_PREFIX_HEADER = YES;
				GCC_PREFIX_HEADER = "SnackTrack/SnackTrack-Prefix.pch";
				INFOPLIST_FILE = "SnackTrack/SnackTrack-Info.plist";
				LIBRARY_SEARCH_PATHS = (
					"$(inherited)",
					"$(PROJECT_DIR)/SnackTrack/ZBarSDK",
				);
				PRODUCT_NAME = "$(TARGET_NAME)";
				WRAPPER_EXTENSION = app;
			};
			name = Debug;
		};
		DC3C42D818EA42010067458C /* Release */ = {
			isa = XCBuildConfiguration;
			buildSettings = {
				ASSETCATALOG_COMPILER_APPICON_NAME = AppIcon;
				ASSETCATALOG_COMPILER_LAUNCHIMAGE_NAME = LaunchImage;
				GCC_PRECOMPILE_PREFIX_HEADER = YES;
				GCC_PREFIX_HEADER = "SnackTrack/SnackTrack-Prefix.pch";
				INFOPLIST_FILE = "SnackTrack/SnackTrack-Info.plist";
				LIBRARY_SEARCH_PATHS = (
					"$(inherited)",
					"$(PROJECT_DIR)/SnackTrack/ZBarSDK",
				);
				PRODUCT_NAME = "$(TARGET_NAME)";
				WRAPPER_EXTENSION = app;
			};
			name = Release;
		};
		DC3C42DA18EA42010067458C /* Debug */ = {
			isa = XCBuildConfiguration;
			buildSettings = {
				BUNDLE_LOADER = "$(BUILT_PRODUCTS_DIR)/SnackTrack.app/SnackTrack";
				FRAMEWORK_SEARCH_PATHS = (
					"$(SDKROOT)/Developer/Library/Frameworks",
					"$(inherited)",
					"$(DEVELOPER_FRAMEWORKS_DIR)",
				);
				GCC_PRECOMPILE_PREFIX_HEADER = YES;
				GCC_PREFIX_HEADER = "SnackTrack/SnackTrack-Prefix.pch";
				GCC_PREPROCESSOR_DEFINITIONS = (
					"DEBUG=1",
					"$(inherited)",
				);
				INFOPLIST_FILE = "SnackTrackTests/SnackTrackTests-Info.plist";
				PRODUCT_NAME = "$(TARGET_NAME)";
				TEST_HOST = "$(BUNDLE_LOADER)";
				WRAPPER_EXTENSION = xctest;
			};
			name = Debug;
		};
		DC3C42DB18EA42010067458C /* Release */ = {
			isa = XCBuildConfiguration;
			buildSettings = {
				BUNDLE_LOADER = "$(BUILT_PRODUCTS_DIR)/SnackTrack.app/SnackTrack";
				FRAMEWORK_SEARCH_PATHS = (
					"$(SDKROOT)/Developer/Library/Frameworks",
					"$(inherited)",
					"$(DEVELOPER_FRAMEWORKS_DIR)",
				);
				GCC_PRECOMPILE_PREFIX_HEADER = YES;
				GCC_PREFIX_HEADER = "SnackTrack/SnackTrack-Prefix.pch";
				INFOPLIST_FILE = "SnackTrackTests/SnackTrackTests-Info.plist";
				PRODUCT_NAME = "$(TARGET_NAME)";
				TEST_HOST = "$(BUNDLE_LOADER)";
				WRAPPER_EXTENSION = xctest;
			};
			name = Release;
		};
/* End XCBuildConfiguration section */

/* Begin XCConfigurationList section */
		DC3C429C18EA42000067458C /* Build configuration list for PBXProject "SnackTrack" */ = {
			isa = XCConfigurationList;
			buildConfigurations = (
				DC3C42D418EA42010067458C /* Debug */,
				DC3C42D518EA42010067458C /* Release */,
			);
			defaultConfigurationIsVisible = 0;
			defaultConfigurationName = Release;
		};
		DC3C42D618EA42010067458C /* Build configuration list for PBXNativeTarget "SnackTrack" */ = {
			isa = XCConfigurationList;
			buildConfigurations = (
				DC3C42D718EA42010067458C /* Debug */,
				DC3C42D818EA42010067458C /* Release */,
			);
			defaultConfigurationIsVisible = 0;
			defaultConfigurationName = Release;
		};
		DC3C42D918EA42010067458C /* Build configuration list for PBXNativeTarget "SnackTrackTests" */ = {
			isa = XCConfigurationList;
			buildConfigurations = (
				DC3C42DA18EA42010067458C /* Debug */,
				DC3C42DB18EA42010067458C /* Release */,
			);
			defaultConfigurationIsVisible = 0;
			defaultConfigurationName = Release;
		};
/* End XCConfigurationList section */
	};
	rootObject = DC3C429918EA42000067458C /* Project object */;
}
